// !$*UTF8*$!
{
	archiveVersion = 1;
	classes = {
	};
	objectVersion = 50;
	objects = {

/* Begin PBXBuildFile section */
		F31270DF25C918650001DCE2 /* WeatherListVC.swift in Sources */ = {isa = PBXBuildFile; fileRef = F31270DE25C918650001DCE2 /* WeatherListVC.swift */; };
		F31270E425C919EE0001DCE2 /* WeatherViewModel.swift in Sources */ = {isa = PBXBuildFile; fileRef = F31270E325C919EE0001DCE2 /* WeatherViewModel.swift */; };
		F31270EA25C91A190001DCE2 /* WeatherTableViewCell.xib in Resources */ = {isa = PBXBuildFile; fileRef = F31270E825C91A190001DCE2 /* WeatherTableViewCell.xib */; };
		F31270EB25C91A190001DCE2 /* WeatherTableViewCell.swift in Sources */ = {isa = PBXBuildFile; fileRef = F31270E925C91A190001DCE2 /* WeatherTableViewCell.swift */; };
		F31270F025C91A490001DCE2 /* WeatherDataModel.swift in Sources */ = {isa = PBXBuildFile; fileRef = F31270EE25C91A490001DCE2 /* WeatherDataModel.swift */; };
		F31270F125C91A490001DCE2 /* WeatherManager.swift in Sources */ = {isa = PBXBuildFile; fileRef = F31270EF25C91A490001DCE2 /* WeatherManager.swift */; };
		F31270FA25C91D530001DCE2 /* WeatherWidgetVC.swift in Sources */ = {isa = PBXBuildFile; fileRef = F31270F925C91D530001DCE2 /* WeatherWidgetVC.swift */; };
		F31270FE25C91DE30001DCE2 /* WeatherHeaderView.swift in Sources */ = {isa = PBXBuildFile; fileRef = F31270FD25C91DE30001DCE2 /* WeatherHeaderView.swift */; };
		F312710225C91DEE0001DCE2 /* WeatherHeaderView.xib in Resources */ = {isa = PBXBuildFile; fileRef = F312710125C91DEE0001DCE2 /* WeatherHeaderView.xib */; };
		F312713025C960910001DCE2 /* WeatherCVCell.swift in Sources */ = {isa = PBXBuildFile; fileRef = F312712F25C960910001DCE2 /* WeatherCVCell.swift */; };
		F3ACA9DB25CF6B750070BD0A /* hobart.json in Resources */ = {isa = PBXBuildFile; fileRef = F3ACA9D925CF6B750070BD0A /* hobart.json */; };
		F3ACA9DC25CF6B750070BD0A /* perth.json in Resources */ = {isa = PBXBuildFile; fileRef = F3ACA9DA25CF6B750070BD0A /* perth.json */; };
		F3ACA9E025CF88930070BD0A /* nextDaysData.json in Resources */ = {isa = PBXBuildFile; fileRef = F3ACA9DF25CF88930070BD0A /* nextDaysData.json */; };
		F3ACA9E325CFA0230070BD0A /* WeatherDetailVC.swift in Sources */ = {isa = PBXBuildFile; fileRef = F3ACA9E225CFA0230070BD0A /* WeatherDetailVC.swift */; };
		F3ACA9E625CFA3120070BD0A /* UIStoryboard.swift in Sources */ = {isa = PBXBuildFile; fileRef = F3ACA9E525CFA3120070BD0A /* UIStoryboard.swift */; };
		F3ACA9EA25CFB0350070BD0A /* Reachability.swift in Sources */ = {isa = PBXBuildFile; fileRef = F3ACA9E925CFB0350070BD0A /* Reachability.swift */; };
		F3ACA9EF25CFBEB80070BD0A /* README.md in Resources */ = {isa = PBXBuildFile; fileRef = F3ACA9EE25CFBEB80070BD0A /* README.md */; };
		F3B6AE2C25C7DBEA00043DD6 /* AppDelegate.swift in Sources */ = {isa = PBXBuildFile; fileRef = F3B6AE2B25C7DBEA00043DD6 /* AppDelegate.swift */; };
		F3B6AE2E25C7DBEA00043DD6 /* SceneDelegate.swift in Sources */ = {isa = PBXBuildFile; fileRef = F3B6AE2D25C7DBEA00043DD6 /* SceneDelegate.swift */; };
		F3B6AE3325C7DBEA00043DD6 /* Main.storyboard in Resources */ = {isa = PBXBuildFile; fileRef = F3B6AE3125C7DBEA00043DD6 /* Main.storyboard */; };
		F3B6AE3525C7DBEB00043DD6 /* Assets.xcassets in Resources */ = {isa = PBXBuildFile; fileRef = F3B6AE3425C7DBEB00043DD6 /* Assets.xcassets */; };
		F3B6AE3825C7DBEB00043DD6 /* LaunchScreen.storyboard in Resources */ = {isa = PBXBuildFile; fileRef = F3B6AE3625C7DBEB00043DD6 /* LaunchScreen.storyboard */; };
		F3B6AE4925C7DC3B00043DD6 /* Constants.swift in Sources */ = {isa = PBXBuildFile; fileRef = F3B6AE4325C7DC3A00043DD6 /* Constants.swift */; };
		F3B6AE4A25C7DC3B00043DD6 /* UIViewController.swift in Sources */ = {isa = PBXBuildFile; fileRef = F3B6AE4425C7DC3A00043DD6 /* UIViewController.swift */; };
		F3B6AE4D25C7DC3B00043DD6 /* UIApplication.swift in Sources */ = {isa = PBXBuildFile; fileRef = F3B6AE4725C7DC3A00043DD6 /* UIApplication.swift */; };
		F3B6AE4E25C7DC3B00043DD6 /* Alert.swift in Sources */ = {isa = PBXBuildFile; fileRef = F3B6AE4825C7DC3A00043DD6 /* Alert.swift */; };
/* End PBXBuildFile section */

/* Begin PBXFileReference section */
		F31270DE25C918650001DCE2 /* WeatherListVC.swift */ = {isa = PBXFileReference; lastKnownFileType = sourcecode.swift; path = WeatherListVC.swift; sourceTree = "<group>"; };
		F31270E325C919EE0001DCE2 /* WeatherViewModel.swift */ = {isa = PBXFileReference; fileEncoding = 4; lastKnownFileType = sourcecode.swift; path = WeatherViewModel.swift; sourceTree = "<group>"; };
		F31270E825C91A190001DCE2 /* WeatherTableViewCell.xib */ = {isa = PBXFileReference; fileEncoding = 4; lastKnownFileType = file.xib; path = WeatherTableViewCell.xib; sourceTree = "<group>"; };
		F31270E925C91A190001DCE2 /* WeatherTableViewCell.swift */ = {isa = PBXFileReference; fileEncoding = 4; lastKnownFileType = sourcecode.swift; path = WeatherTableViewCell.swift; sourceTree = "<group>"; };
		F31270EE25C91A490001DCE2 /* WeatherDataModel.swift */ = {isa = PBXFileReference; fileEncoding = 4; lastKnownFileType = sourcecode.swift; path = WeatherDataModel.swift; sourceTree = "<group>"; };
		F31270EF25C91A490001DCE2 /* WeatherManager.swift */ = {isa = PBXFileReference; fileEncoding = 4; lastKnownFileType = sourcecode.swift; path = WeatherManager.swift; sourceTree = "<group>"; };
		F31270F925C91D530001DCE2 /* WeatherWidgetVC.swift */ = {isa = PBXFileReference; lastKnownFileType = sourcecode.swift; path = WeatherWidgetVC.swift; sourceTree = "<group>"; };
		F31270FD25C91DE30001DCE2 /* WeatherHeaderView.swift */ = {isa = PBXFileReference; lastKnownFileType = sourcecode.swift; path = WeatherHeaderView.swift; sourceTree = "<group>"; };
		F312710125C91DEE0001DCE2 /* WeatherHeaderView.xib */ = {isa = PBXFileReference; lastKnownFileType = file.xib; path = WeatherHeaderView.xib; sourceTree = "<group>"; };
		F312712F25C960910001DCE2 /* WeatherCVCell.swift */ = {isa = PBXFileReference; lastKnownFileType = sourcecode.swift; path = WeatherCVCell.swift; sourceTree = "<group>"; };
		F3ACA9D925CF6B750070BD0A /* hobart.json */ = {isa = PBXFileReference; fileEncoding = 4; lastKnownFileType = text.json; path = hobart.json; sourceTree = "<group>"; };
		F3ACA9DA25CF6B750070BD0A /* perth.json */ = {isa = PBXFileReference; fileEncoding = 4; lastKnownFileType = text.json; path = perth.json; sourceTree = "<group>"; };
		F3ACA9DF25CF88930070BD0A /* nextDaysData.json */ = {isa = PBXFileReference; fileEncoding = 4; lastKnownFileType = text.json; path = nextDaysData.json; sourceTree = "<group>"; };
		F3ACA9E225CFA0230070BD0A /* WeatherDetailVC.swift */ = {isa = PBXFileReference; lastKnownFileType = sourcecode.swift; path = WeatherDetailVC.swift; sourceTree = "<group>"; };
		F3ACA9E525CFA3120070BD0A /* UIStoryboard.swift */ = {isa = PBXFileReference; fileEncoding = 4; lastKnownFileType = sourcecode.swift; path = UIStoryboard.swift; sourceTree = "<group>"; };
		F3ACA9E925CFB0350070BD0A /* Reachability.swift */ = {isa = PBXFileReference; lastKnownFileType = sourcecode.swift; path = Reachability.swift; sourceTree = "<group>"; };
		F3ACA9EE25CFBEB80070BD0A /* README.md */ = {isa = PBXFileReference; fileEncoding = 4; lastKnownFileType = net.daringfireball.markdown; path = README.md; sourceTree = "<group>"; };
		F3B6AE2825C7DBEA00043DD6 /* WeatherInfo.app */ = {isa = PBXFileReference; explicitFileType = wrapper.application; includeInIndex = 0; path = WeatherInfo.app; sourceTree = BUILT_PRODUCTS_DIR; };
		F3B6AE2B25C7DBEA00043DD6 /* AppDelegate.swift */ = {isa = PBXFileReference; lastKnownFileType = sourcecode.swift; path = AppDelegate.swift; sourceTree = "<group>"; };
		F3B6AE2D25C7DBEA00043DD6 /* SceneDelegate.swift */ = {isa = PBXFileReference; lastKnownFileType = sourcecode.swift; path = SceneDelegate.swift; sourceTree = "<group>"; };
		F3B6AE3225C7DBEA00043DD6 /* Base */ = {isa = PBXFileReference; lastKnownFileType = file.storyboard; name = Base; path = Base.lproj/Main.storyboard; sourceTree = "<group>"; };
		F3B6AE3425C7DBEB00043DD6 /* Assets.xcassets */ = {isa = PBXFileReference; lastKnownFileType = folder.assetcatalog; path = Assets.xcassets; sourceTree = "<group>"; };
		F3B6AE3725C7DBEB00043DD6 /* Base */ = {isa = PBXFileReference; lastKnownFileType = file.storyboard; name = Base; path = Base.lproj/LaunchScreen.storyboard; sourceTree = "<group>"; };
		F3B6AE3925C7DBEB00043DD6 /* Info.plist */ = {isa = PBXFileReference; lastKnownFileType = text.plist.xml; path = Info.plist; sourceTree = "<group>"; };
		F3B6AE4325C7DC3A00043DD6 /* Constants.swift */ = {isa = PBXFileReference; fileEncoding = 4; lastKnownFileType = sourcecode.swift; path = Constants.swift; sourceTree = "<group>"; };
		F3B6AE4425C7DC3A00043DD6 /* UIViewController.swift */ = {isa = PBXFileReference; fileEncoding = 4; lastKnownFileType = sourcecode.swift; path = UIViewController.swift; sourceTree = "<group>"; };
		F3B6AE4725C7DC3A00043DD6 /* UIApplication.swift */ = {isa = PBXFileReference; fileEncoding = 4; lastKnownFileType = sourcecode.swift; path = UIApplication.swift; sourceTree = "<group>"; };
		F3B6AE4825C7DC3A00043DD6 /* Alert.swift */ = {isa = PBXFileReference; fileEncoding = 4; lastKnownFileType = sourcecode.swift; path = Alert.swift; sourceTree = "<group>"; };
/* End PBXFileReference section */

/* Begin PBXFrameworksBuildPhase section */
		F3B6AE2525C7DBEA00043DD6 /* Frameworks */ = {
			isa = PBXFrameworksBuildPhase;
			buildActionMask = 2147483647;
			files = (
			);
			runOnlyForDeploymentPostprocessing = 0;
		};
/* End PBXFrameworksBuildPhase section */

/* Begin PBXGroup section */
		F31270E225C919AF0001DCE2 /* ViewModel */ = {
			isa = PBXGroup;
			children = (
				F31270E325C919EE0001DCE2 /* WeatherViewModel.swift */,
			);
			path = ViewModel;
			sourceTree = "<group>";
		};
		F31270E625C919F30001DCE2 /* Views */ = {
			isa = PBXGroup;
			children = (
				F312712E25C9607A0001DCE2 /* WeatherCVCell */,
				F31270FC25C91DB60001DCE2 /* WeatherHeaderView */,
				F31270E725C91A060001DCE2 /* WeatherTVC */,
			);
			path = Views;
			sourceTree = "<group>";
		};
		F31270E725C91A060001DCE2 /* WeatherTVC */ = {
			isa = PBXGroup;
			children = (
				F31270E925C91A190001DCE2 /* WeatherTableViewCell.swift */,
				F31270E825C91A190001DCE2 /* WeatherTableViewCell.xib */,
			);
			path = WeatherTVC;
			sourceTree = "<group>";
		};
		F31270ED25C91A3E0001DCE2 /* Models */ = {
			isa = PBXGroup;
			children = (
				F31270EE25C91A490001DCE2 /* WeatherDataModel.swift */,
				F31270EF25C91A490001DCE2 /* WeatherManager.swift */,
			);
			path = Models;
			sourceTree = "<group>";
		};
		F31270FC25C91DB60001DCE2 /* WeatherHeaderView */ = {
			isa = PBXGroup;
			children = (
				F31270FD25C91DE30001DCE2 /* WeatherHeaderView.swift */,
				F312710125C91DEE0001DCE2 /* WeatherHeaderView.xib */,
			);
			path = WeatherHeaderView;
			sourceTree = "<group>";
		};
		F312712E25C9607A0001DCE2 /* WeatherCVCell */ = {
			isa = PBXGroup;
			children = (
				F312712F25C960910001DCE2 /* WeatherCVCell.swift */,
			);
			path = WeatherCVCell;
			sourceTree = "<group>";
		};
		F3B6AE1F25C7DBEA00043DD6 = {
			isa = PBXGroup;
			children = (
				F3ACA9EE25CFBEB80070BD0A /* README.md */,
				F3B6AE2A25C7DBEA00043DD6 /* WeatherInfo */,
				F3B6AE2925C7DBEA00043DD6 /* Products */,
			);
			sourceTree = "<group>";
		};
		F3B6AE2925C7DBEA00043DD6 /* Products */ = {
			isa = PBXGroup;
			children = (
				F3B6AE2825C7DBEA00043DD6 /* WeatherInfo.app */,
			);
			name = Products;
			sourceTree = "<group>";
		};
		F3B6AE2A25C7DBEA00043DD6 /* WeatherInfo */ = {
			isa = PBXGroup;
			children = (
				F3B6AE2B25C7DBEA00043DD6 /* AppDelegate.swift */,
				F3B6AE2D25C7DBEA00043DD6 /* SceneDelegate.swift */,
				F31270ED25C91A3E0001DCE2 /* Models */,
				F31270E625C919F30001DCE2 /* Views */,
				F31270E225C919AF0001DCE2 /* ViewModel */,
				F3B6AE5025C7DC4700043DD6 /* Controllers */,
				F3B6AE4225C7DC2100043DD6 /* Utilities */,
				F3B6AE3125C7DBEA00043DD6 /* Main.storyboard */,
				F3B6AE3425C7DBEB00043DD6 /* Assets.xcassets */,
				F3B6AE3625C7DBEB00043DD6 /* LaunchScreen.storyboard */,
				F3B6AE3925C7DBEB00043DD6 /* Info.plist */,
			);
			path = WeatherInfo;
			sourceTree = "<group>";
		};
		F3B6AE4225C7DC2100043DD6 /* Utilities */ = {
			isa = PBXGroup;
			children = (
				F3ACA9E925CFB0350070BD0A /* Reachability.swift */,
				F3B6AE4825C7DC3A00043DD6 /* Alert.swift */,
				F3B6AE4325C7DC3A00043DD6 /* Constants.swift */,
				F3B6AE4725C7DC3A00043DD6 /* UIApplication.swift */,
				F3ACA9E525CFA3120070BD0A /* UIStoryboard.swift */,
				F3B6AE4425C7DC3A00043DD6 /* UIViewController.swift */,
				F3ACA9D925CF6B750070BD0A /* hobart.json */,
				F3ACA9DA25CF6B750070BD0A /* perth.json */,
				F3ACA9DF25CF88930070BD0A /* nextDaysData.json */,
			);
			path = Utilities;
			sourceTree = "<group>";
		};
		F3B6AE5025C7DC4700043DD6 /* Controllers */ = {
			isa = PBXGroup;
			children = (
				F31270DE25C918650001DCE2 /* WeatherListVC.swift */,
				F31270F925C91D530001DCE2 /* WeatherWidgetVC.swift */,
				F3ACA9E225CFA0230070BD0A /* WeatherDetailVC.swift */,
			);
			path = Controllers;
			sourceTree = "<group>";
		};
/* End PBXGroup section */

/* Begin PBXNativeTarget section */
		F3B6AE2725C7DBEA00043DD6 /* WeatherInfo */ = {
			isa = PBXNativeTarget;
			buildConfigurationList = F3B6AE3C25C7DBEB00043DD6 /* Build configuration list for PBXNativeTarget "WeatherInfo" */;
			buildPhases = (
				F3B6AE2425C7DBEA00043DD6 /* Sources */,
				F3B6AE2525C7DBEA00043DD6 /* Frameworks */,
				F3B6AE2625C7DBEA00043DD6 /* Resources */,
			);
			buildRules = (
			);
			dependencies = (
			);
			name = WeatherInfo;
			productName = WeatherInfo;
			productReference = F3B6AE2825C7DBEA00043DD6 /* WeatherInfo.app */;
			productType = "com.apple.product-type.application";
		};
/* End PBXNativeTarget section */

/* Begin PBXProject section */
		F3B6AE2025C7DBEA00043DD6 /* Project object */ = {
			isa = PBXProject;
			attributes = {
				LastSwiftUpdateCheck = 1220;
				LastUpgradeCheck = 1220;
				TargetAttributes = {
					F3B6AE2725C7DBEA00043DD6 = {
						CreatedOnToolsVersion = 12.2;
					};
				};
			};
			buildConfigurationList = F3B6AE2325C7DBEA00043DD6 /* Build configuration list for PBXProject "WeatherInfo" */;
			compatibilityVersion = "Xcode 9.3";
			developmentRegion = en;
			hasScannedForEncodings = 0;
			knownRegions = (
				en,
				Base,
			);
			mainGroup = F3B6AE1F25C7DBEA00043DD6;
			productRefGroup = F3B6AE2925C7DBEA00043DD6 /* Products */;
			projectDirPath = "";
			projectRoot = "";
			targets = (
				F3B6AE2725C7DBEA00043DD6 /* WeatherInfo */,
			);
		};
/* End PBXProject section */

/* Begin PBXResourcesBuildPhase section */
		F3B6AE2625C7DBEA00043DD6 /* Resources */ = {
			isa = PBXResourcesBuildPhase;
			buildActionMask = 2147483647;
			files = (
				F31270EA25C91A190001DCE2 /* WeatherTableViewCell.xib in Resources */,
				F3ACA9E025CF88930070BD0A /* nextDaysData.json in Resources */,
				F3B6AE3825C7DBEB00043DD6 /* LaunchScreen.storyboard in Resources */,
				F312710225C91DEE0001DCE2 /* WeatherHeaderView.xib in Resources */,
				F3ACA9DB25CF6B750070BD0A /* hobart.json in Resources */,
				F3B6AE3525C7DBEB00043DD6 /* Assets.xcassets in Resources */,
				F3ACA9EF25CFBEB80070BD0A /* README.md in Resources */,
				F3ACA9DC25CF6B750070BD0A /* perth.json in Resources */,
				F3B6AE3325C7DBEA00043DD6 /* Main.storyboard in Resources */,
			);
			runOnlyForDeploymentPostprocessing = 0;
		};
/* End PBXResourcesBuildPhase section */

/* Begin PBXSourcesBuildPhase section */
		F3B6AE2425C7DBEA00043DD6 /* Sources */ = {
			isa = PBXSourcesBuildPhase;
			buildActionMask = 2147483647;
			files = (
				F31270EB25C91A190001DCE2 /* WeatherTableViewCell.swift in Sources */,
				F31270DF25C918650001DCE2 /* WeatherListVC.swift in Sources */,
				F31270FE25C91DE30001DCE2 /* WeatherHeaderView.swift in Sources */,
				F31270E425C919EE0001DCE2 /* WeatherViewModel.swift in Sources */,
				F31270FA25C91D530001DCE2 /* WeatherWidgetVC.swift in Sources */,
				F3B6AE4D25C7DC3B00043DD6 /* UIApplication.swift in Sources */,
				F3ACA9EA25CFB0350070BD0A /* Reachability.swift in Sources */,
				F3B6AE2C25C7DBEA00043DD6 /* AppDelegate.swift in Sources */,
				F31270F125C91A490001DCE2 /* WeatherManager.swift in Sources */,
				F3B6AE2E25C7DBEA00043DD6 /* SceneDelegate.swift in Sources */,
				F312713025C960910001DCE2 /* WeatherCVCell.swift in Sources */,
				F31270F025C91A490001DCE2 /* WeatherDataModel.swift in Sources */,
				F3ACA9E625CFA3120070BD0A /* UIStoryboard.swift in Sources */,
				F3ACA9E325CFA0230070BD0A /* WeatherDetailVC.swift in Sources */,
				F3B6AE4A25C7DC3B00043DD6 /* UIViewController.swift in Sources */,
				F3B6AE4E25C7DC3B00043DD6 /* Alert.swift in Sources */,
				F3B6AE4925C7DC3B00043DD6 /* Constants.swift in Sources */,
			);
			runOnlyForDeploymentPostprocessing = 0;
		};
/* End PBXSourcesBuildPhase section */

/* Begin PBXVariantGroup section */
		F3B6AE3125C7DBEA00043DD6 /* Main.storyboard */ = {
			isa = PBXVariantGroup;
			children = (
				F3B6AE3225C7DBEA00043DD6 /* Base */,
			);
			name = Main.storyboard;
			sourceTree = "<group>";
		};
		F3B6AE3625C7DBEB00043DD6 /* LaunchScreen.storyboard */ = {
			isa = PBXVariantGroup;
			children = (
				F3B6AE3725C7DBEB00043DD6 /* Base */,
			);
			name = LaunchScreen.storyboard;
			sourceTree = "<group>";
		};
/* End PBXVariantGroup section */

/* Begin XCBuildConfiguration section */
		F3B6AE3A25C7DBEB00043DD6 /* Debug */ = {
			isa = XCBuildConfiguration;
			buildSettings = {
				ALWAYS_SEARCH_USER_PATHS = NO;
				CLANG_ANALYZER_NONNULL = YES;
				CLANG_ANALYZER_NUMBER_OBJECT_CONVERSION = YES_AGGRESSIVE;
				CLANG_CXX_LANGUAGE_STANDARD = "gnu++14";
				CLANG_CXX_LIBRARY = "libc++";
				CLANG_ENABLE_MODULES = YES;
				CLANG_ENABLE_OBJC_ARC = YES;
				CLANG_ENABLE_OBJC_WEAK = YES;
				CLANG_WARN_BLOCK_CAPTURE_AUTORELEASING = YES;
				CLANG_WARN_BOOL_CONVERSION = YES;
				CLANG_WARN_COMMA = YES;
				CLANG_WARN_CONSTANT_CONVERSION = YES;
				CLANG_WARN_DEPRECATED_OBJC_IMPLEMENTATIONS = YES;
				CLANG_WARN_DIRECT_OBJC_ISA_USAGE = YES_ERROR;
				CLANG_WARN_DOCUMENTATION_COMMENTS = YES;
				CLANG_WARN_EMPTY_BODY = YES;
				CLANG_WARN_ENUM_CONVERSION = YES;
				CLANG_WARN_INFINITE_RECURSION = YES;
				CLANG_WARN_INT_CONVERSION = YES;
				CLANG_WARN_NON_LITERAL_NULL_CONVERSION = YES;
				CLANG_WARN_OBJC_IMPLICIT_RETAIN_SELF = YES;
				CLANG_WARN_OBJC_LITERAL_CONVERSION = YES;
				CLANG_WARN_OBJC_ROOT_CLASS = YES_ERROR;
				CLANG_WARN_QUOTED_INCLUDE_IN_FRAMEWORK_HEADER = YES;
				CLANG_WARN_RANGE_LOOP_ANALYSIS = YES;
				CLANG_WARN_STRICT_PROTOTYPES = YES;
				CLANG_WARN_SUSPICIOUS_MOVE = YES;
				CLANG_WARN_UNGUARDED_AVAILABILITY = YES_AGGRESSIVE;
				CLANG_WARN_UNREACHABLE_CODE = YES;
				CLANG_WARN__DUPLICATE_METHOD_MATCH = YES;
				COPY_PHASE_STRIP = NO;
				DEBUG_INFORMATION_FORMAT = dwarf;
				ENABLE_STRICT_OBJC_MSGSEND = YES;
				ENABLE_TESTABILITY = YES;
				GCC_C_LANGUAGE_STANDARD = gnu11;
				GCC_DYNAMIC_NO_PIC = NO;
				GCC_NO_COMMON_BLOCKS = YES;
				GCC_OPTIMIZATION_LEVEL = 0;
				GCC_PREPROCESSOR_DEFINITIONS = (
					"DEBUG=1",
					"$(inherited)",
				);
				GCC_WARN_64_TO_32_BIT_CONVERSION = YES;
				GCC_WARN_ABOUT_RETURN_TYPE = YES_ERROR;
				GCC_WARN_UNDECLARED_SELECTOR = YES;
				GCC_WARN_UNINITIALIZED_AUTOS = YES_AGGRESSIVE;
				GCC_WARN_UNUSED_FUNCTION = YES;
				GCC_WARN_UNUSED_VARIABLE = YES;
				IPHONEOS_DEPLOYMENT_TARGET = 14.2;
				MTL_ENABLE_DEBUG_INFO = INCLUDE_SOURCE;
				MTL_FAST_MATH = YES;
				ONLY_ACTIVE_ARCH = YES;
				SDKROOT = iphoneos;
				SWIFT_ACTIVE_COMPILATION_CONDITIONS = DEBUG;
				SWIFT_OPTIMIZATION_LEVEL = "-Onone";
			};
			name = Debug;
		};
		F3B6AE3B25C7DBEB00043DD6 /* Release */ = {
			isa = XCBuildConfiguration;
			buildSettings = {
				ALWAYS_SEARCH_USER_PATHS = NO;
				CLANG_ANALYZER_NONNULL = YES;
				CLANG_ANALYZER_NUMBER_OBJECT_CONVERSION = YES_AGGRESSIVE;
				CLANG_CXX_LANGUAGE_STANDARD = "gnu++14";
				CLANG_CXX_LIBRARY = "libc++";
				CLANG_ENABLE_MODULES = YES;
				CLANG_ENABLE_OBJC_ARC = YES;
				CLANG_ENABLE_OBJC_WEAK = YES;
				CLANG_WARN_BLOCK_CAPTURE_AUTORELEASING = YES;
				CLANG_WARN_BOOL_CONVERSION = YES;
				CLANG_WARN_COMMA = YES;
				CLANG_WARN_CONSTANT_CONVERSION = YES;
				CLANG_WARN_DEPRECATED_OBJC_IMPLEMENTATIONS = YES;
				CLANG_WARN_DIRECT_OBJC_ISA_USAGE = YES_ERROR;
				CLANG_WARN_DOCUMENTATION_COMMENTS = YES;
				CLANG_WARN_EMPTY_BODY = YES;
				CLANG_WARN_ENUM_CONVERSION = YES;
				CLANG_WARN_INFINITE_RECURSION = YES;
				CLANG_WARN_INT_CONVERSION = YES;
				CLANG_WARN_NON_LITERAL_NULL_CONVERSION = YES;
				CLANG_WARN_OBJC_IMPLICIT_RETAIN_SELF = YES;
				CLANG_WARN_OBJC_LITERAL_CONVERSION = YES;
				CLANG_WARN_OBJC_ROOT_CLASS = YES_ERROR;
				CLANG_WARN_QUOTED_INCLUDE_IN_FRAMEWORK_HEADER = YES;
				CLANG_WARN_RANGE_LOOP_ANALYSIS = YES;
				CLANG_WARN_STRICT_PROTOTYPES = YES;
				CLANG_WARN_SUSPICIOUS_MOVE = YES;
				CLANG_WARN_UNGUARDED_AVAILABILITY = YES_AGGRESSIVE;
				CLANG_WARN_UNREACHABLE_CODE = YES;
				CLANG_WARN__DUPLICATE_METHOD_MATCH = YES;
				COPY_PHASE_STRIP = NO;
				DEBUG_INFORMATION_FORMAT = "dwarf-with-dsym";
				ENABLE_NS_ASSERTIONS = NO;
				ENABLE_STRICT_OBJC_MSGSEND = YES;
				GCC_C_LANGUAGE_STANDARD = gnu11;
				GCC_NO_COMMON_BLOCKS = YES;
				GCC_WARN_64_TO_32_BIT_CONVERSION = YES;
				GCC_WARN_ABOUT_RETURN_TYPE = YES_ERROR;
				GCC_WARN_UNDECLARED_SELECTOR = YES;
				GCC_WARN_UNINITIALIZED_AUTOS = YES_AGGRESSIVE;
				GCC_WARN_UNUSED_FUNCTION = YES;
				GCC_WARN_UNUSED_VARIABLE = YES;
				IPHONEOS_DEPLOYMENT_TARGET = 14.2;
				MTL_ENABLE_DEBUG_INFO = NO;
				MTL_FAST_MATH = YES;
				SDKROOT = iphoneos;
				SWIFT_COMPILATION_MODE = wholemodule;
				SWIFT_OPTIMIZATION_LEVEL = "-O";
				VALIDATE_PRODUCT = YES;
			};
			name = Release;
		};
		F3B6AE3D25C7DBEB00043DD6 /* Debug */ = {
			isa = XCBuildConfiguration;
			buildSettings = {
				ASSETCATALOG_COMPILER_APPICON_NAME = AppIcon;
				ASSETCATALOG_COMPILER_GLOBAL_ACCENT_COLOR_NAME = AccentColor;
				CODE_SIGN_STYLE = Automatic;
				DEVELOPMENT_TEAM = T3BYTBR63S;
				INFOPLIST_FILE = WeatherInfo/Info.plist;
				IPHONEOS_DEPLOYMENT_TARGET = 13.0;
				LD_RUNPATH_SEARCH_PATHS = (
					"$(inherited)",
					"@executable_path/Frameworks",
				);
				PRODUCT_BUNDLE_IDENTIFIER = com.hs.WeatherInfo;
				PRODUCT_NAME = "$(TARGET_NAME)";
				SWIFT_VERSION = 5.0;
				TARGETED_DEVICE_FAMILY = "1,2";
			};
			name = Debug;
		};
		F3B6AE3E25C7DBEB00043DD6 /* Release */ = {
			isa = XCBuildConfiguration;
			buildSettings = {
				ASSETCATALOG_COMPILER_APPICON_NAME = AppIcon;
				ASSETCATALOG_COMPILER_GLOBAL_ACCENT_COLOR_NAME = AccentColor;
				CODE_SIGN_STYLE = Automatic;
				DEVELOPMENT_TEAM = T3BYTBR63S;
				INFOPLIST_FILE = WeatherInfo/Info.plist;
				IPHONEOS_DEPLOYMENT_TARGET = 13.0;
				LD_RUNPATH_SEARCH_PATHS = (
					"$(inherited)",
					"@executable_path/Frameworks",
				);
				PRODUCT_BUNDLE_IDENTIFIER = com.hs.WeatherInfo;
				PRODUCT_NAME = "$(TARGET_NAME)";
				SWIFT_VERSION = 5.0;
				TARGETED_DEVICE_FAMILY = "1,2";
			};
			name = Release;
		};
/* End XCBuildConfiguration section */

/* Begin XCConfigurationList section */
		F3B6AE2325C7DBEA00043DD6 /* Build configuration list for PBXProject "WeatherInfo" */ = {
			isa = XCConfigurationList;
			buildConfigurations = (
				F3B6AE3A25C7DBEB00043DD6 /* Debug */,
				F3B6AE3B25C7DBEB00043DD6 /* Release */,
			);
			defaultConfigurationIsVisible = 0;
			defaultConfigurationName = Release;
		};
		F3B6AE3C25C7DBEB00043DD6 /* Build configuration list for PBXNativeTarget "WeatherInfo" */ = {
			isa = XCConfigurationList;
			buildConfigurations = (
				F3B6AE3D25C7DBEB00043DD6 /* Debug */,
				F3B6AE3E25C7DBEB00043DD6 /* Release */,
			);
			defaultConfigurationIsVisible = 0;
			defaultConfigurationName = Release;
		};
/* End XCConfigurationList section */
	};
	rootObject = F3B6AE2025C7DBEA00043DD6 /* Project object */;
}
